
Microsoft Visual Studio Solution File, Format Version 12.00
# Visual Studio Version 16
VisualStudioVersion = 16.0.31005.135
MinimumVisualStudioVersion = 10.0.40219.1
Project("{FAE04EC0-301F-11D3-BF4B-00C04F79EFBC}") = "MyBookStore.Web", "MyBookStore.Web\MyBookStore.Web.csproj", "{94952FB5-9E97-4600-8C20-0D3B99C9609E}"
EndProject
Global
	GlobalSection(SolutionConfigurationPlatforms) = preSolution
		Debug|Any CPU = Debug|Any CPU
		Release|Any CPU = Release|Any CPU
	EndGlobalSection
	GlobalSection(ProjectConfigurationPlatforms) = postSolution
		{94952FB5-9E97-4600-8C20-0D3B99C9609E}.Debug|Any CPU.ActiveCfg = Debug|Any CPU
		{94952FB5-9E97-4600-8C20-0D3B99C9609E}.Debug|Any CPU.Build.0 = Debug|Any CPU
		{94952FB5-9E97-4600-8C20-0D3B99C9609E}.Release|Any CPU.ActiveCfg = Release|Any CPU
		{94952FB5-9E97-4600-8C20-0D3B99C9609E}.Release|Any CPU.Build.0 = Release|Any CPU
	EndGlobalSection
	GlobalSection(SolutionProperties) = preSolution
		HideSolutionNode = FALSE
	EndGlobalSection
	GlobalSection(ExtensibilityGlobals) = postSolution
		SolutionGuid = {92E1AD0C-C345-4594-8E88-92A057A5AE5A}
	EndGlobalSection
EndGlobal
